
Microsoft Visual Studio Solution File, Format Version 12.00
Project("{FAE04EC0-301F-11D3-BF4B-00C04F79EFBC}") = "WebApplication1", "WebApplication1\WebApplication1.csproj", "{B8FD5205-DC9F-49E2-9A7F-9EAB84FE5F4D}"
EndProject
Global
	GlobalSection(SolutionConfigurationPlatforms) = preSolution
		Debug|Any CPU = Debug|Any CPU
		Release|Any CPU = Release|Any CPU
	EndGlobalSection
	GlobalSection(ProjectConfigurationPlatforms) = postSolution
		{B8FD5205-DC9F-49E2-9A7F-9EAB84FE5F4D}.Debug|Any CPU.ActiveCfg = Debug|Any CPU
		{B8FD5205-DC9F-49E2-9A7F-9EAB84FE5F4D}.Debug|Any CPU.Build.0 = Debug|Any CPU
		{B8FD5205-DC9F-49E2-9A7F-9EAB84FE5F4D}.Release|Any CPU.ActiveCfg = Release|Any CPU
		{B8FD5205-DC9F-49E2-9A7F-9EAB84FE5F4D}.Release|Any CPU.Build.0 = Release|Any CPU
	EndGlobalSection
EndGlobal
